// !$*UTF8*$!
{
	archiveVersion = 1;
	classes = {
	};
	objectVersion = 51;
	objects = {

/* Begin PBXBuildFile section */
		24AC7F0C6690C3522857BDB5 /* Pods_news.framework in Frameworks */ = {isa = PBXBuildFile; fileRef = 438510E293EF26EC892EAF7E /* Pods_news.framework */; };
		8B35E26E238C4B9E001890A5 /* Default-568h@2x.png in Resources */ = {isa = PBXBuildFile; fileRef = 8B35E26D238C4B9E001890A5 /* Default-568h@2x.png */; };
		8B35E271238C4D00001890A5 /* BaseNVC.m in Sources */ = {isa = PBXBuildFile; fileRef = 8B35E270238C4D00001890A5 /* BaseNVC.m */; };
		8B35E274238C4D45001890A5 /* Router.m in Sources */ = {isa = PBXBuildFile; fileRef = 8B35E273238C4D45001890A5 /* Router.m */; };
		8B35E278238C4D8B001890A5 /* NewsListVC.m in Sources */ = {isa = PBXBuildFile; fileRef = 8B35E277238C4D8B001890A5 /* NewsListVC.m */; };
		8B35E27A238C4D99001890A5 /* NewsListVC.storyboard in Resources */ = {isa = PBXBuildFile; fileRef = 8B35E279238C4D99001890A5 /* NewsListVC.storyboard */; };
		8B35E27E238C4FBF001890A5 /* NewsCell.m in Sources */ = {isa = PBXBuildFile; fileRef = 8B35E27C238C4FBF001890A5 /* NewsCell.m */; };
		8B35E27F238C4FBF001890A5 /* NewsCell.xib in Resources */ = {isa = PBXBuildFile; fileRef = 8B35E27D238C4FBF001890A5 /* NewsCell.xib */; };
		8B35E284238C51C6001890A5 /* DBService.m in Sources */ = {isa = PBXBuildFile; fileRef = 8B35E283238C51C5001890A5 /* DBService.m */; };
		8B35E287238C51D6001890A5 /* APIService.m in Sources */ = {isa = PBXBuildFile; fileRef = 8B35E286238C51D6001890A5 /* APIService.m */; };
		8B35E28B238C51FD001890A5 /* NewsInteractor.m in Sources */ = {isa = PBXBuildFile; fileRef = 8B35E28A238C51FD001890A5 /* NewsInteractor.m */; };
		8B35E28F238C52B1001890A5 /* RequestConfig.m in Sources */ = {isa = PBXBuildFile; fileRef = 8B35E28E238C52B1001890A5 /* RequestConfig.m */; };
		8B597960238FDD4900005B31 /* NewsItem+CoreDataClass.m in Sources */ = {isa = PBXBuildFile; fileRef = 8B59795D238FDD4800005B31 /* NewsItem+CoreDataClass.m */; };
		8B597961238FDD4900005B31 /* NewsItem+CoreDataProperties.m in Sources */ = {isa = PBXBuildFile; fileRef = 8B59795E238FDD4900005B31 /* NewsItem+CoreDataProperties.m */; };
		8B64DD56238B05F6007F970F /* AppDelegate.m in Sources */ = {isa = PBXBuildFile; fileRef = 8B64DD55238B05F6007F970F /* AppDelegate.m */; };
		8B64DD5C238B05F6007F970F /* ViewController.m in Sources */ = {isa = PBXBuildFile; fileRef = 8B64DD5B238B05F6007F970F /* ViewController.m */; };
		8B64DD5F238B05F6007F970F /* Main.storyboard in Resources */ = {isa = PBXBuildFile; fileRef = 8B64DD5D238B05F6007F970F /* Main.storyboard */; };
		8B64DD62238B05F6007F970F /* news.xcdatamodeld in Sources */ = {isa = PBXBuildFile; fileRef = 8B64DD60238B05F6007F970F /* news.xcdatamodeld */; };
		8B64DD64238B05FB007F970F /* Assets.xcassets in Resources */ = {isa = PBXBuildFile; fileRef = 8B64DD63238B05FB007F970F /* Assets.xcassets */; };
		8B64DD67238B05FB007F970F /* LaunchScreen.storyboard in Resources */ = {isa = PBXBuildFile; fileRef = 8B64DD65238B05FB007F970F /* LaunchScreen.storyboard */; };
		8B64DD6A238B05FB007F970F /* main.m in Sources */ = {isa = PBXBuildFile; fileRef = 8B64DD69238B05FB007F970F /* main.m */; };
		8B64DD74238B05FB007F970F /* newsTests.m in Sources */ = {isa = PBXBuildFile; fileRef = 8B64DD73238B05FB007F970F /* newsTests.m */; };
		8B64DD7F238B05FB007F970F /* newsUITests.m in Sources */ = {isa = PBXBuildFile; fileRef = 8B64DD7E238B05FB007F970F /* newsUITests.m */; };
		8B64DD95238B0BC8007F970F /* BaseRouter.m in Sources */ = {isa = PBXBuildFile; fileRef = 8B64DD94238B0BC8007F970F /* BaseRouter.m */; };
		8B64DD98238B0C67007F970F /* BaseVC.m in Sources */ = {isa = PBXBuildFile; fileRef = 8B64DD97238B0C67007F970F /* BaseVC.m */; };
		8B64DD9D238B0D20007F970F /* ThemeMain.m in Sources */ = {isa = PBXBuildFile; fileRef = 8B64DD9C238B0D20007F970F /* ThemeMain.m */; };
		8B64DDA0238B0D5C007F970F /* ThemeManager.m in Sources */ = {isa = PBXBuildFile; fileRef = 8B64DD9F238B0D5C007F970F /* ThemeManager.m */; };
		8B98C045238EFAF1005745E1 /* UILabel+LabelHeight.m in Sources */ = {isa = PBXBuildFile; fileRef = 8B98C044238EFAF1005745E1 /* UILabel+LabelHeight.m */; };
		8B98C048238F183E005745E1 /* ImageProvider.m in Sources */ = {isa = PBXBuildFile; fileRef = 8B98C047238F183E005745E1 /* ImageProvider.m */; };
		8B98C04B238F1988005745E1 /* TextPeovider.m in Sources */ = {isa = PBXBuildFile; fileRef = 8B98C04A238F1988005745E1 /* TextPeovider.m */; };
/* End PBXBuildFile section */

/* Begin PBXContainerItemProxy section */
		8B64DD70238B05FB007F970F /* PBXContainerItemProxy */ = {
			isa = PBXContainerItemProxy;
			containerPortal = 8B64DD49238B05F6007F970F /* Project object */;
			proxyType = 1;
			remoteGlobalIDString = 8B64DD50238B05F6007F970F;
			remoteInfo = news;
		};
		8B64DD7B238B05FB007F970F /* PBXContainerItemProxy */ = {
			isa = PBXContainerItemProxy;
			containerPortal = 8B64DD49238B05F6007F970F /* Project object */;
			proxyType = 1;
			remoteGlobalIDString = 8B64DD50238B05F6007F970F;
			remoteInfo = news;
		};
/* End PBXContainerItemProxy section */

/* Begin PBXFileReference section */
		438510E293EF26EC892EAF7E /* Pods_news.framework */ = {isa = PBXFileReference; explicitFileType = wrapper.framework; includeInIndex = 0; path = Pods_news.framework; sourceTree = BUILT_PRODUCTS_DIR; };
		75BC765A2ECFC534352C62AA /* Pods-news.debug.xcconfig */ = {isa = PBXFileReference; includeInIndex = 1; lastKnownFileType = text.xcconfig; name = "Pods-news.debug.xcconfig"; path = "Target Support Files/Pods-news/Pods-news.debug.xcconfig"; sourceTree = "<group>"; };
		82699238B6E200F64D636F1E /* Pods-news.release.xcconfig */ = {isa = PBXFileReference; includeInIndex = 1; lastKnownFileType = text.xcconfig; name = "Pods-news.release.xcconfig"; path = "Target Support Files/Pods-news/Pods-news.release.xcconfig"; sourceTree = "<group>"; };
		8B35E26D238C4B9E001890A5 /* Default-568h@2x.png */ = {isa = PBXFileReference; lastKnownFileType = image.png; path = "Default-568h@2x.png"; sourceTree = "<group>"; };
		8B35E26F238C4D00001890A5 /* BaseNVC.h */ = {isa = PBXFileReference; lastKnownFileType = sourcecode.c.h; path = BaseNVC.h; sourceTree = "<group>"; };
		8B35E270238C4D00001890A5 /* BaseNVC.m */ = {isa = PBXFileReference; lastKnownFileType = sourcecode.c.objc; path = BaseNVC.m; sourceTree = "<group>"; };
		8B35E272238C4D45001890A5 /* Router.h */ = {isa = PBXFileReference; lastKnownFileType = sourcecode.c.h; path = Router.h; sourceTree = "<group>"; };
		8B35E273238C4D45001890A5 /* Router.m */ = {isa = PBXFileReference; lastKnownFileType = sourcecode.c.objc; path = Router.m; sourceTree = "<group>"; };
		8B35E276238C4D8B001890A5 /* NewsListVC.h */ = {isa = PBXFileReference; lastKnownFileType = sourcecode.c.h; path = NewsListVC.h; sourceTree = "<group>"; };
		8B35E277238C4D8B001890A5 /* NewsListVC.m */ = {isa = PBXFileReference; lastKnownFileType = sourcecode.c.objc; path = NewsListVC.m; sourceTree = "<group>"; };
		8B35E279238C4D99001890A5 /* NewsListVC.storyboard */ = {isa = PBXFileReference; lastKnownFileType = file.storyboard; path = NewsListVC.storyboard; sourceTree = "<group>"; };
		8B35E27B238C4FBF001890A5 /* NewsCell.h */ = {isa = PBXFileReference; lastKnownFileType = sourcecode.c.h; path = NewsCell.h; sourceTree = "<group>"; };
		8B35E27C238C4FBF001890A5 /* NewsCell.m */ = {isa = PBXFileReference; lastKnownFileType = sourcecode.c.objc; path = NewsCell.m; sourceTree = "<group>"; };
		8B35E27D238C4FBF001890A5 /* NewsCell.xib */ = {isa = PBXFileReference; lastKnownFileType = file.xib; path = NewsCell.xib; sourceTree = "<group>"; };
		8B35E282238C51C5001890A5 /* DBService.h */ = {isa = PBXFileReference; lastKnownFileType = sourcecode.c.h; path = DBService.h; sourceTree = "<group>"; };
		8B35E283238C51C5001890A5 /* DBService.m */ = {isa = PBXFileReference; lastKnownFileType = sourcecode.c.objc; path = DBService.m; sourceTree = "<group>"; };
		8B35E285238C51D6001890A5 /* APIService.h */ = {isa = PBXFileReference; lastKnownFileType = sourcecode.c.h; path = APIService.h; sourceTree = "<group>"; };
		8B35E286238C51D6001890A5 /* APIService.m */ = {isa = PBXFileReference; lastKnownFileType = sourcecode.c.objc; path = APIService.m; sourceTree = "<group>"; };
		8B35E289238C51FD001890A5 /* NewsInteractor.h */ = {isa = PBXFileReference; lastKnownFileType = sourcecode.c.h; path = NewsInteractor.h; sourceTree = "<group>"; };
		8B35E28A238C51FD001890A5 /* NewsInteractor.m */ = {isa = PBXFileReference; lastKnownFileType = sourcecode.c.objc; path = NewsInteractor.m; sourceTree = "<group>"; };
		8B35E28D238C52B1001890A5 /* RequestConfig.h */ = {isa = PBXFileReference; lastKnownFileType = sourcecode.c.h; path = RequestConfig.h; sourceTree = "<group>"; };
		8B35E28E238C52B1001890A5 /* RequestConfig.m */ = {isa = PBXFileReference; lastKnownFileType = sourcecode.c.objc; path = RequestConfig.m; sourceTree = "<group>"; };
		8B55B6FD238E87F80011D867 /* news-Bridging-Header.h */ = {isa = PBXFileReference; lastKnownFileType = sourcecode.c.h; path = "news-Bridging-Header.h"; sourceTree = "<group>"; };
		8B59795C238FDD4800005B31 /* NewsItem+CoreDataClass.h */ = {isa = PBXFileReference; lastKnownFileType = sourcecode.c.h; name = "NewsItem+CoreDataClass.h"; path = "/Users/finskii/Documents/xcodeproj/objective-c/news/news/Data/Entities/NewsItem+CoreDataClass.h"; sourceTree = "<absolute>"; };
		8B59795D238FDD4800005B31 /* NewsItem+CoreDataClass.m */ = {isa = PBXFileReference; lastKnownFileType = sourcecode.c.objc; name = "NewsItem+CoreDataClass.m"; path = "/Users/finskii/Documents/xcodeproj/objective-c/news/news/Data/Entities/NewsItem+CoreDataClass.m"; sourceTree = "<absolute>"; };
		8B59795E238FDD4900005B31 /* NewsItem+CoreDataProperties.m */ = {isa = PBXFileReference; lastKnownFileType = sourcecode.c.objc; name = "NewsItem+CoreDataProperties.m"; path = "/Users/finskii/Documents/xcodeproj/objective-c/news/news/Data/Entities/NewsItem+CoreDataProperties.m"; sourceTree = "<absolute>"; };
		8B59795F238FDD4900005B31 /* NewsItem+CoreDataProperties.h */ = {isa = PBXFileReference; lastKnownFileType = sourcecode.c.h; name = "NewsItem+CoreDataProperties.h"; path = "/Users/finskii/Documents/xcodeproj/objective-c/news/news/Data/Entities/NewsItem+CoreDataProperties.h"; sourceTree = "<absolute>"; };
		8B64DD51238B05F6007F970F /* news.app */ = {isa = PBXFileReference; explicitFileType = wrapper.application; includeInIndex = 0; path = news.app; sourceTree = BUILT_PRODUCTS_DIR; };
		8B64DD54238B05F6007F970F /* AppDelegate.h */ = {isa = PBXFileReference; lastKnownFileType = sourcecode.c.h; path = AppDelegate.h; sourceTree = "<group>"; };
		8B64DD55238B05F6007F970F /* AppDelegate.m */ = {isa = PBXFileReference; lastKnownFileType = sourcecode.c.objc; path = AppDelegate.m; sourceTree = "<group>"; };
		8B64DD5A238B05F6007F970F /* ViewController.h */ = {isa = PBXFileReference; lastKnownFileType = sourcecode.c.h; path = ViewController.h; sourceTree = "<group>"; };
		8B64DD5B238B05F6007F970F /* ViewController.m */ = {isa = PBXFileReference; lastKnownFileType = sourcecode.c.objc; path = ViewController.m; sourceTree = "<group>"; };
		8B64DD5E238B05F6007F970F /* Base */ = {isa = PBXFileReference; lastKnownFileType = file.storyboard; name = Base; path = Base.lproj/Main.storyboard; sourceTree = "<group>"; };
		8B64DD61238B05F6007F970F /* news.xcdatamodel */ = {isa = PBXFileReference; lastKnownFileType = wrapper.xcdatamodel; path = news.xcdatamodel; sourceTree = "<group>"; };
		8B64DD63238B05FB007F970F /* Assets.xcassets */ = {isa = PBXFileReference; lastKnownFileType = folder.assetcatalog; path = Assets.xcassets; sourceTree = "<group>"; };
		8B64DD66238B05FB007F970F /* Base */ = {isa = PBXFileReference; lastKnownFileType = file.storyboard; name = Base; path = Base.lproj/LaunchScreen.storyboard; sourceTree = "<group>"; };
		8B64DD68238B05FB007F970F /* Info.plist */ = {isa = PBXFileReference; lastKnownFileType = text.plist.xml; path = Info.plist; sourceTree = "<group>"; };
		8B64DD69238B05FB007F970F /* main.m */ = {isa = PBXFileReference; lastKnownFileType = sourcecode.c.objc; path = main.m; sourceTree = "<group>"; };
		8B64DD6F238B05FB007F970F /* newsTests.xctest */ = {isa = PBXFileReference; explicitFileType = wrapper.cfbundle; includeInIndex = 0; path = newsTests.xctest; sourceTree = BUILT_PRODUCTS_DIR; };
		8B64DD73238B05FB007F970F /* newsTests.m */ = {isa = PBXFileReference; lastKnownFileType = sourcecode.c.objc; path = newsTests.m; sourceTree = "<group>"; };
		8B64DD75238B05FB007F970F /* Info.plist */ = {isa = PBXFileReference; lastKnownFileType = text.plist.xml; path = Info.plist; sourceTree = "<group>"; };
		8B64DD7A238B05FB007F970F /* newsUITests.xctest */ = {isa = PBXFileReference; explicitFileType = wrapper.cfbundle; includeInIndex = 0; path = newsUITests.xctest; sourceTree = BUILT_PRODUCTS_DIR; };
		8B64DD7E238B05FB007F970F /* newsUITests.m */ = {isa = PBXFileReference; lastKnownFileType = sourcecode.c.objc; path = newsUITests.m; sourceTree = "<group>"; };
		8B64DD80238B05FB007F970F /* Info.plist */ = {isa = PBXFileReference; lastKnownFileType = text.plist.xml; path = Info.plist; sourceTree = "<group>"; };
		8B64DD93238B0BC8007F970F /* BaseRouter.h */ = {isa = PBXFileReference; lastKnownFileType = sourcecode.c.h; path = BaseRouter.h; sourceTree = "<group>"; };
		8B64DD94238B0BC8007F970F /* BaseRouter.m */ = {isa = PBXFileReference; lastKnownFileType = sourcecode.c.objc; path = BaseRouter.m; sourceTree = "<group>"; };
		8B64DD96238B0C67007F970F /* BaseVC.h */ = {isa = PBXFileReference; lastKnownFileType = sourcecode.c.h; path = BaseVC.h; sourceTree = "<group>"; };
		8B64DD97238B0C67007F970F /* BaseVC.m */ = {isa = PBXFileReference; lastKnownFileType = sourcecode.c.objc; path = BaseVC.m; sourceTree = "<group>"; };
		8B64DD9A238B0CD7007F970F /* ThemeProtocol.h */ = {isa = PBXFileReference; lastKnownFileType = sourcecode.c.h; path = ThemeProtocol.h; sourceTree = "<group>"; };
		8B64DD9B238B0D20007F970F /* ThemeMain.h */ = {isa = PBXFileReference; lastKnownFileType = sourcecode.c.h; path = ThemeMain.h; sourceTree = "<group>"; };
		8B64DD9C238B0D20007F970F /* ThemeMain.m */ = {isa = PBXFileReference; lastKnownFileType = sourcecode.c.objc; path = ThemeMain.m; sourceTree = "<group>"; };
		8B64DD9E238B0D5C007F970F /* ThemeManager.h */ = {isa = PBXFileReference; lastKnownFileType = sourcecode.c.h; path = ThemeManager.h; sourceTree = "<group>"; };
		8B64DD9F238B0D5C007F970F /* ThemeManager.m */ = {isa = PBXFileReference; lastKnownFileType = sourcecode.c.objc; path = ThemeManager.m; sourceTree = "<group>"; };
		8B98C043238EFAF0005745E1 /* UILabel+LabelHeight.h */ = {isa = PBXFileReference; fileEncoding = 4; lastKnownFileType = sourcecode.c.h; path = "UILabel+LabelHeight.h"; sourceTree = "<group>"; };
		8B98C044238EFAF1005745E1 /* UILabel+LabelHeight.m */ = {isa = PBXFileReference; fileEncoding = 4; lastKnownFileType = sourcecode.c.objc; path = "UILabel+LabelHeight.m"; sourceTree = "<group>"; };
		8B98C046238F183E005745E1 /* ImageProvider.h */ = {isa = PBXFileReference; lastKnownFileType = sourcecode.c.h; path = ImageProvider.h; sourceTree = "<group>"; };
		8B98C047238F183E005745E1 /* ImageProvider.m */ = {isa = PBXFileReference; lastKnownFileType = sourcecode.c.objc; path = ImageProvider.m; sourceTree = "<group>"; };
		8B98C049238F1988005745E1 /* TextPeovider.h */ = {isa = PBXFileReference; lastKnownFileType = sourcecode.c.h; path = TextPeovider.h; sourceTree = "<group>"; };
		8B98C04A238F1988005745E1 /* TextPeovider.m */ = {isa = PBXFileReference; lastKnownFileType = sourcecode.c.objc; path = TextPeovider.m; sourceTree = "<group>"; };
/* End PBXFileReference section */

/* Begin PBXFrameworksBuildPhase section */
		8B64DD4E238B05F6007F970F /* Frameworks */ = {
			isa = PBXFrameworksBuildPhase;
			buildActionMask = 2147483647;
			files = (
				24AC7F0C6690C3522857BDB5 /* Pods_news.framework in Frameworks */,
			);
			runOnlyForDeploymentPostprocessing = 0;
		};
		8B64DD6C238B05FB007F970F /* Frameworks */ = {
			isa = PBXFrameworksBuildPhase;
			buildActionMask = 2147483647;
			files = (
			);
			runOnlyForDeploymentPostprocessing = 0;
		};
		8B64DD77238B05FB007F970F /* Frameworks */ = {
			isa = PBXFrameworksBuildPhase;
			buildActionMask = 2147483647;
			files = (
			);
			runOnlyForDeploymentPostprocessing = 0;
		};
/* End PBXFrameworksBuildPhase section */

/* Begin PBXGroup section */
		4FB25BB4BB0DEA9675EE07AE /* Pods */ = {
			isa = PBXGroup;
			children = (
				75BC765A2ECFC534352C62AA /* Pods-news.debug.xcconfig */,
				82699238B6E200F64D636F1E /* Pods-news.release.xcconfig */,
			);
			path = Pods;
			sourceTree = "<group>";
		};
		66A0F8075F78528A7FED1781 /* Frameworks */ = {
			isa = PBXGroup;
			children = (
				438510E293EF26EC892EAF7E /* Pods_news.framework */,
			);
			name = Frameworks;
			sourceTree = "<group>";
		};
		8B35E275238C4D6E001890A5 /* NewsList */ = {
			isa = PBXGroup;
			children = (
				8B35E276238C4D8B001890A5 /* NewsListVC.h */,
				8B35E277238C4D8B001890A5 /* NewsListVC.m */,
				8B35E279238C4D99001890A5 /* NewsListVC.storyboard */,
				8B35E27B238C4FBF001890A5 /* NewsCell.h */,
				8B35E27C238C4FBF001890A5 /* NewsCell.m */,
				8B35E27D238C4FBF001890A5 /* NewsCell.xib */,
			);
			path = NewsList;
			sourceTree = "<group>";
		};
		8B35E280238C5133001890A5 /* Network */ = {
			isa = PBXGroup;
			children = (
				8B35E285238C51D6001890A5 /* APIService.h */,
				8B35E286238C51D6001890A5 /* APIService.m */,
			);
			path = Network;
			sourceTree = "<group>";
		};
		8B35E281238C513C001890A5 /* Database */ = {
			isa = PBXGroup;
			children = (
				8B35E282238C51C5001890A5 /* DBService.h */,
				8B35E283238C51C5001890A5 /* DBService.m */,
			);
			path = Database;
			sourceTree = "<group>";
		};
		8B35E288238C51DD001890A5 /* News */ = {
			isa = PBXGroup;
			children = (
				8B35E289238C51FD001890A5 /* NewsInteractor.h */,
				8B35E28A238C51FD001890A5 /* NewsInteractor.m */,
			);
			path = News;
			sourceTree = "<group>";
		};
		8B35E28C238C5299001890A5 /* Entities */ = {
			isa = PBXGroup;
			children = (
				8B59795F238FDD4900005B31 /* NewsItem+CoreDataProperties.h */,
				8B59795C238FDD4800005B31 /* NewsItem+CoreDataClass.h */,
				8B59795D238FDD4800005B31 /* NewsItem+CoreDataClass.m */,
				8B59795E238FDD4900005B31 /* NewsItem+CoreDataProperties.m */,
				8B35E28D238C52B1001890A5 /* RequestConfig.h */,
				8B35E28E238C52B1001890A5 /* RequestConfig.m */,
			);
			path = Entities;
			sourceTree = "<group>";
		};
		8B64DD48238B05F6007F970F = {
			isa = PBXGroup;
			children = (
				8B64DD53238B05F6007F970F /* news */,
				8B64DD72238B05FB007F970F /* newsTests */,
				8B64DD7D238B05FB007F970F /* newsUITests */,
				8B64DD52238B05F6007F970F /* Products */,
				4FB25BB4BB0DEA9675EE07AE /* Pods */,
				66A0F8075F78528A7FED1781 /* Frameworks */,
			);
			sourceTree = "<group>";
		};
		8B64DD52238B05F6007F970F /* Products */ = {
			isa = PBXGroup;
			children = (
				8B64DD51238B05F6007F970F /* news.app */,
				8B64DD6F238B05FB007F970F /* newsTests.xctest */,
				8B64DD7A238B05FB007F970F /* newsUITests.xctest */,
			);
			name = Products;
			sourceTree = "<group>";
		};
		8B64DD53238B05F6007F970F /* news */ = {
			isa = PBXGroup;
			children = (
				8B64DD8C238B0A0C007F970F /* Data */,
				8B64DD8D238B0A18007F970F /* Views */,
				8B64DD8E238B0A25007F970F /* Router */,
				8B98C042238EFABF005745E1 /* Helpers */,
				8B64DD8F238B0A38007F970F /* Resources */,
				8B64DD90238B0A41007F970F /* Supporting Files */,
				8B55B6FD238E87F80011D867 /* news-Bridging-Header.h */,
			);
			path = news;
			sourceTree = "<group>";
		};
		8B64DD72238B05FB007F970F /* newsTests */ = {
			isa = PBXGroup;
			children = (
				8B64DD73238B05FB007F970F /* newsTests.m */,
				8B64DD75238B05FB007F970F /* Info.plist */,
			);
			path = newsTests;
			sourceTree = "<group>";
		};
		8B64DD7D238B05FB007F970F /* newsUITests */ = {
			isa = PBXGroup;
			children = (
				8B64DD7E238B05FB007F970F /* newsUITests.m */,
				8B64DD80238B05FB007F970F /* Info.plist */,
			);
			path = newsUITests;
			sourceTree = "<group>";
		};
		8B64DD8C238B0A0C007F970F /* Data */ = {
			isa = PBXGroup;
			children = (
				8B35E28C238C5299001890A5 /* Entities */,
				8B35E281238C513C001890A5 /* Database */,
				8B35E280238C5133001890A5 /* Network */,
				8B35E288238C51DD001890A5 /* News */,
				8B64DD60238B05F6007F970F /* news.xcdatamodeld */,
			);
			path = Data;
			sourceTree = "<group>";
		};
		8B64DD8D238B0A18007F970F /* Views */ = {
			isa = PBXGroup;
			children = (
				8B64DD91238B0B7F007F970F /* Base */,
				8B35E275238C4D6E001890A5 /* NewsList */,
			);
			path = Views;
			sourceTree = "<group>";
		};
		8B64DD8E238B0A25007F970F /* Router */ = {
			isa = PBXGroup;
			children = (
				8B64DD92238B0B8D007F970F /* Base */,
				8B35E272238C4D45001890A5 /* Router.h */,
				8B35E273238C4D45001890A5 /* Router.m */,
			);
			path = Router;
			sourceTree = "<group>";
		};
		8B64DD8F238B0A38007F970F /* Resources */ = {
			isa = PBXGroup;
			children = (
				8B35E26D238C4B9E001890A5 /* Default-568h@2x.png */,
				8B64DD99238B0CBC007F970F /* Theme */,
				8B64DD5D238B05F6007F970F /* Main.storyboard */,
				8B64DD63238B05FB007F970F /* Assets.xcassets */,
				8B64DD65238B05FB007F970F /* LaunchScreen.storyboard */,
				8B98C046238F183E005745E1 /* ImageProvider.h */,
				8B98C047238F183E005745E1 /* ImageProvider.m */,
				8B98C049238F1988005745E1 /* TextPeovider.h */,
				8B98C04A238F1988005745E1 /* TextPeovider.m */,
			);
			path = Resources;
			sourceTree = "<group>";
		};
		8B64DD90238B0A41007F970F /* Supporting Files */ = {
			isa = PBXGroup;
			children = (
				8B64DD5A238B05F6007F970F /* ViewController.h */,
				8B64DD5B238B05F6007F970F /* ViewController.m */,
				8B64DD54238B05F6007F970F /* AppDelegate.h */,
				8B64DD55238B05F6007F970F /* AppDelegate.m */,
				8B64DD68238B05FB007F970F /* Info.plist */,
				8B64DD69238B05FB007F970F /* main.m */,
			);
			path = "Supporting Files";
			sourceTree = "<group>";
		};
		8B64DD91238B0B7F007F970F /* Base */ = {
			isa = PBXGroup;
			children = (
				8B64DD96238B0C67007F970F /* BaseVC.h */,
				8B64DD97238B0C67007F970F /* BaseVC.m */,
				8B35E26F238C4D00001890A5 /* BaseNVC.h */,
				8B35E270238C4D00001890A5 /* BaseNVC.m */,
			);
			path = Base;
			sourceTree = "<group>";
		};
		8B64DD92238B0B8D007F970F /* Base */ = {
			isa = PBXGroup;
			children = (
				8B64DD93238B0BC8007F970F /* BaseRouter.h */,
				8B64DD94238B0BC8007F970F /* BaseRouter.m */,
			);
			path = Base;
			sourceTree = "<group>";
		};
		8B64DD99238B0CBC007F970F /* Theme */ = {
			isa = PBXGroup;
			children = (
				8B64DD9A238B0CD7007F970F /* ThemeProtocol.h */,
				8B64DD9B238B0D20007F970F /* ThemeMain.h */,
				8B64DD9C238B0D20007F970F /* ThemeMain.m */,
				8B64DD9E238B0D5C007F970F /* ThemeManager.h */,
				8B64DD9F238B0D5C007F970F /* ThemeManager.m */,
			);
			path = Theme;
			sourceTree = "<group>";
		};
		8B98C042238EFABF005745E1 /* Helpers */ = {
			isa = PBXGroup;
			children = (
				8B98C043238EFAF0005745E1 /* UILabel+LabelHeight.h */,
				8B98C044238EFAF1005745E1 /* UILabel+LabelHeight.m */,
			);
			path = Helpers;
			sourceTree = "<group>";
		};
/* End PBXGroup section */

/* Begin PBXNativeTarget section */
		8B64DD50238B05F6007F970F /* news */ = {
			isa = PBXNativeTarget;
			buildConfigurationList = 8B64DD83238B05FB007F970F /* Build configuration list for PBXNativeTarget "news" */;
			buildPhases = (
				D091E17C712667CDF8158879 /* [CP] Check Pods Manifest.lock */,
				8B64DD4D238B05F6007F970F /* Sources */,
				8B64DD4E238B05F6007F970F /* Frameworks */,
				8B64DD4F238B05F6007F970F /* Resources */,
				DBD9B425EB040ECE7101421E /* [CP] Embed Pods Frameworks */,
			);
			buildRules = (
			);
			dependencies = (
			);
			name = news;
			productName = news;
			productReference = 8B64DD51238B05F6007F970F /* news.app */;
			productType = "com.apple.product-type.application";
		};
		8B64DD6E238B05FB007F970F /* newsTests */ = {
			isa = PBXNativeTarget;
			buildConfigurationList = 8B64DD86238B05FB007F970F /* Build configuration list for PBXNativeTarget "newsTests" */;
			buildPhases = (
				8B64DD6B238B05FB007F970F /* Sources */,
				8B64DD6C238B05FB007F970F /* Frameworks */,
				8B64DD6D238B05FB007F970F /* Resources */,
			);
			buildRules = (
			);
			dependencies = (
				8B64DD71238B05FB007F970F /* PBXTargetDependency */,
			);
			name = newsTests;
			productName = newsTests;
			productReference = 8B64DD6F238B05FB007F970F /* newsTests.xctest */;
			productType = "com.apple.product-type.bundle.unit-test";
		};
		8B64DD79238B05FB007F970F /* newsUITests */ = {
			isa = PBXNativeTarget;
			buildConfigurationList = 8B64DD89238B05FB007F970F /* Build configuration list for PBXNativeTarget "newsUITests" */;
			buildPhases = (
				8B64DD76238B05FB007F970F /* Sources */,
				8B64DD77238B05FB007F970F /* Frameworks */,
				8B64DD78238B05FB007F970F /* Resources */,
			);
			buildRules = (
			);
			dependencies = (
				8B64DD7C238B05FB007F970F /* PBXTargetDependency */,
			);
			name = newsUITests;
			productName = newsUITests;
			productReference = 8B64DD7A238B05FB007F970F /* newsUITests.xctest */;
			productType = "com.apple.product-type.bundle.ui-testing";
		};
/* End PBXNativeTarget section */

/* Begin PBXProject section */
		8B64DD49238B05F6007F970F /* Project object */ = {
			isa = PBXProject;
			attributes = {
				LastUpgradeCheck = 1120;
				ORGANIZATIONNAME = "Vasilii Dmitriev";
				TargetAttributes = {
					8B64DD50238B05F6007F970F = {
						CreatedOnToolsVersion = 11.2.1;
						LastSwiftMigration = 1120;
					};
					8B64DD6E238B05FB007F970F = {
						CreatedOnToolsVersion = 11.2.1;
						TestTargetID = 8B64DD50238B05F6007F970F;
					};
					8B64DD79238B05FB007F970F = {
						CreatedOnToolsVersion = 11.2.1;
						TestTargetID = 8B64DD50238B05F6007F970F;
					};
				};
			};
			buildConfigurationList = 8B64DD4C238B05F6007F970F /* Build configuration list for PBXProject "news" */;
			compatibilityVersion = "Xcode 9.3";
			developmentRegion = en;
			hasScannedForEncodings = 0;
			knownRegions = (
				en,
				Base,
			);
			mainGroup = 8B64DD48238B05F6007F970F;
			productRefGroup = 8B64DD52238B05F6007F970F /* Products */;
			projectDirPath = "";
			projectRoot = "";
			targets = (
				8B64DD50238B05F6007F970F /* news */,
				8B64DD6E238B05FB007F970F /* newsTests */,
				8B64DD79238B05FB007F970F /* newsUITests */,
			);
		};
/* End PBXProject section */

/* Begin PBXResourcesBuildPhase section */
		8B64DD4F238B05F6007F970F /* Resources */ = {
			isa = PBXResourcesBuildPhase;
			buildActionMask = 2147483647;
			files = (
				8B35E27F238C4FBF001890A5 /* NewsCell.xib in Resources */,
				8B64DD67238B05FB007F970F /* LaunchScreen.storyboard in Resources */,
				8B35E26E238C4B9E001890A5 /* Default-568h@2x.png in Resources */,
				8B64DD64238B05FB007F970F /* Assets.xcassets in Resources */,
				8B35E27A238C4D99001890A5 /* NewsListVC.storyboard in Resources */,
				8B64DD5F238B05F6007F970F /* Main.storyboard in Resources */,
			);
			runOnlyForDeploymentPostprocessing = 0;
		};
		8B64DD6D238B05FB007F970F /* Resources */ = {
			isa = PBXResourcesBuildPhase;
			buildActionMask = 2147483647;
			files = (
			);
			runOnlyForDeploymentPostprocessing = 0;
		};
		8B64DD78238B05FB007F970F /* Resources */ = {
			isa = PBXResourcesBuildPhase;
			buildActionMask = 2147483647;
			files = (
			);
			runOnlyForDeploymentPostprocessing = 0;
		};
/* End PBXResourcesBuildPhase section */

/* Begin PBXShellScriptBuildPhase section */
		D091E17C712667CDF8158879 /* [CP] Check Pods Manifest.lock */ = {
			isa = PBXShellScriptBuildPhase;
			buildActionMask = 2147483647;
			files = (
			);
			inputFileListPaths = (
			);
			inputPaths = (
				"${PODS_PODFILE_DIR_PATH}/Podfile.lock",
				"${PODS_ROOT}/Manifest.lock",
			);
			name = "[CP] Check Pods Manifest.lock";
			outputFileListPaths = (
			);
			outputPaths = (
				"$(DERIVED_FILE_DIR)/Pods-news-checkManifestLockResult.txt",
			);
			runOnlyForDeploymentPostprocessing = 0;
			shellPath = /bin/sh;
			shellScript = "diff \"${PODS_PODFILE_DIR_PATH}/Podfile.lock\" \"${PODS_ROOT}/Manifest.lock\" > /dev/null\nif [ $? != 0 ] ; then\n    # print error to STDERR\n    echo \"error: The sandbox is not in sync with the Podfile.lock. Run 'pod install' or update your CocoaPods installation.\" >&2\n    exit 1\nfi\n# This output is used by Xcode 'outputs' to avoid re-running this script phase.\necho \"SUCCESS\" > \"${SCRIPT_OUTPUT_FILE_0}\"\n";
			showEnvVarsInLog = 0;
		};
		DBD9B425EB040ECE7101421E /* [CP] Embed Pods Frameworks */ = {
			isa = PBXShellScriptBuildPhase;
			buildActionMask = 2147483647;
			files = (
			);
			inputFileListPaths = (
				"${PODS_ROOT}/Target Support Files/Pods-news/Pods-news-frameworks-${CONFIGURATION}-input-files.xcfilelist",
			);
			name = "[CP] Embed Pods Frameworks";
			outputFileListPaths = (
				"${PODS_ROOT}/Target Support Files/Pods-news/Pods-news-frameworks-${CONFIGURATION}-output-files.xcfilelist",
			);
			runOnlyForDeploymentPostprocessing = 0;
			shellPath = /bin/sh;
			shellScript = "\"${PODS_ROOT}/Target Support Files/Pods-news/Pods-news-frameworks.sh\"\n";
			showEnvVarsInLog = 0;
		};
/* End PBXShellScriptBuildPhase section */

/* Begin PBXSourcesBuildPhase section */
		8B64DD4D238B05F6007F970F /* Sources */ = {
			isa = PBXSourcesBuildPhase;
			buildActionMask = 2147483647;
			files = (
				8B64DD98238B0C67007F970F /* BaseVC.m in Sources */,
				8B64DD6A238B05FB007F970F /* main.m in Sources */,
				8B98C048238F183E005745E1 /* ImageProvider.m in Sources */,
				8B35E27E238C4FBF001890A5 /* NewsCell.m in Sources */,
				8B64DDA0238B0D5C007F970F /* ThemeManager.m in Sources */,
				8B98C045238EFAF1005745E1 /* UILabel+LabelHeight.m in Sources */,
				8B64DD95238B0BC8007F970F /* BaseRouter.m in Sources */,
				8B35E274238C4D45001890A5 /* Router.m in Sources */,
				8B597961238FDD4900005B31 /* NewsItem+CoreDataProperties.m in Sources */,
				8B64DD5C238B05F6007F970F /* ViewController.m in Sources */,
				8B64DD56238B05F6007F970F /* AppDelegate.m in Sources */,
				8B35E287238C51D6001890A5 /* APIService.m in Sources */,
				8B98C04B238F1988005745E1 /* TextPeovider.m in Sources */,
				8B35E28F238C52B1001890A5 /* RequestConfig.m in Sources */,
				8B35E278238C4D8B001890A5 /* NewsListVC.m in Sources */,
				8B64DD62238B05F6007F970F /* news.xcdatamodeld in Sources */,
				8B597960238FDD4900005B31 /* NewsItem+CoreDataClass.m in Sources */,
				8B35E271238C4D00001890A5 /* BaseNVC.m in Sources */,
				8B35E284238C51C6001890A5 /* DBService.m in Sources */,
				8B64DD9D238B0D20007F970F /* ThemeMain.m in Sources */,
				8B35E28B238C51FD001890A5 /* NewsInteractor.m in Sources */,
			);
			runOnlyForDeploymentPostprocessing = 0;
		};
		8B64DD6B238B05FB007F970F /* Sources */ = {
			isa = PBXSourcesBuildPhase;
			buildActionMask = 2147483647;
			files = (
				8B64DD74238B05FB007F970F /* newsTests.m in Sources */,
			);
			runOnlyForDeploymentPostprocessing = 0;
		};
		8B64DD76238B05FB007F970F /* Sources */ = {
			isa = PBXSourcesBuildPhase;
			buildActionMask = 2147483647;
			files = (
				8B64DD7F238B05FB007F970F /* newsUITests.m in Sources */,
			);
			runOnlyForDeploymentPostprocessing = 0;
		};
/* End PBXSourcesBuildPhase section */

/* Begin PBXTargetDependency section */
		8B64DD71238B05FB007F970F /* PBXTargetDependency */ = {
			isa = PBXTargetDependency;
			target = 8B64DD50238B05F6007F970F /* news */;
			targetProxy = 8B64DD70238B05FB007F970F /* PBXContainerItemProxy */;
		};
		8B64DD7C238B05FB007F970F /* PBXTargetDependency */ = {
			isa = PBXTargetDependency;
			target = 8B64DD50238B05F6007F970F /* news */;
			targetProxy = 8B64DD7B238B05FB007F970F /* PBXContainerItemProxy */;
		};
/* End PBXTargetDependency section */

/* Begin PBXVariantGroup section */
		8B64DD5D238B05F6007F970F /* Main.storyboard */ = {
			isa = PBXVariantGroup;
			children = (
				8B64DD5E238B05F6007F970F /* Base */,
			);
			name = Main.storyboard;
			sourceTree = "<group>";
		};
		8B64DD65238B05FB007F970F /* LaunchScreen.storyboard */ = {
			isa = PBXVariantGroup;
			children = (
				8B64DD66238B05FB007F970F /* Base */,
			);
			name = LaunchScreen.storyboard;
			sourceTree = "<group>";
		};
/* End PBXVariantGroup section */

/* Begin XCBuildConfiguration section */
		8B64DD81238B05FB007F970F /* Debug */ = {
			isa = XCBuildConfiguration;
			buildSettings = {
				ALWAYS_SEARCH_USER_PATHS = NO;
				CLANG_ANALYZER_NONNULL = YES;
				CLANG_ANALYZER_NUMBER_OBJECT_CONVERSION = YES_AGGRESSIVE;
				CLANG_CXX_LANGUAGE_STANDARD = "gnu++14";
				CLANG_CXX_LIBRARY = "libc++";
				CLANG_ENABLE_MODULES = YES;
				CLANG_ENABLE_OBJC_ARC = YES;
				CLANG_ENABLE_OBJC_WEAK = YES;
				CLANG_WARN_BLOCK_CAPTURE_AUTORELEASING = YES;
				CLANG_WARN_BOOL_CONVERSION = YES;
				CLANG_WARN_COMMA = YES;
				CLANG_WARN_CONSTANT_CONVERSION = YES;
				CLANG_WARN_DEPRECATED_OBJC_IMPLEMENTATIONS = YES;
				CLANG_WARN_DIRECT_OBJC_ISA_USAGE = YES_ERROR;
				CLANG_WARN_DOCUMENTATION_COMMENTS = YES;
				CLANG_WARN_EMPTY_BODY = YES;
				CLANG_WARN_ENUM_CONVERSION = YES;
				CLANG_WARN_INFINITE_RECURSION = YES;
				CLANG_WARN_INT_CONVERSION = YES;
				CLANG_WARN_NON_LITERAL_NULL_CONVERSION = YES;
				CLANG_WARN_OBJC_IMPLICIT_RETAIN_SELF = YES;
				CLANG_WARN_OBJC_LITERAL_CONVERSION = YES;
				CLANG_WARN_OBJC_ROOT_CLASS = YES_ERROR;
				CLANG_WARN_RANGE_LOOP_ANALYSIS = YES;
				CLANG_WARN_STRICT_PROTOTYPES = YES;
				CLANG_WARN_SUSPICIOUS_MOVE = YES;
				CLANG_WARN_UNGUARDED_AVAILABILITY = YES_AGGRESSIVE;
				CLANG_WARN_UNREACHABLE_CODE = YES;
				CLANG_WARN__DUPLICATE_METHOD_MATCH = YES;
				COPY_PHASE_STRIP = NO;
				DEBUG_INFORMATION_FORMAT = dwarf;
				ENABLE_STRICT_OBJC_MSGSEND = YES;
				ENABLE_TESTABILITY = YES;
				GCC_C_LANGUAGE_STANDARD = gnu11;
				GCC_DYNAMIC_NO_PIC = NO;
				GCC_NO_COMMON_BLOCKS = YES;
				GCC_OPTIMIZATION_LEVEL = 0;
				GCC_PREPROCESSOR_DEFINITIONS = (
					"DEBUG=1",
					"$(inherited)",
				);
				GCC_WARN_64_TO_32_BIT_CONVERSION = YES;
				GCC_WARN_ABOUT_RETURN_TYPE = YES_ERROR;
				GCC_WARN_UNDECLARED_SELECTOR = YES;
				GCC_WARN_UNINITIALIZED_AUTOS = YES_AGGRESSIVE;
				GCC_WARN_UNUSED_FUNCTION = YES;
				GCC_WARN_UNUSED_VARIABLE = YES;
				IPHONEOS_DEPLOYMENT_TARGET = 11.0;
				MTL_ENABLE_DEBUG_INFO = INCLUDE_SOURCE;
				MTL_FAST_MATH = YES;
				ONLY_ACTIVE_ARCH = YES;
				SDKROOT = iphoneos;
			};
			name = Debug;
		};
		8B64DD82238B05FB007F970F /* Release */ = {
			isa = XCBuildConfiguration;
			buildSettings = {
				ALWAYS_SEARCH_USER_PATHS = NO;
				CLANG_ANALYZER_NONNULL = YES;
				CLANG_ANALYZER_NUMBER_OBJECT_CONVERSION = YES_AGGRESSIVE;
				CLANG_CXX_LANGUAGE_STANDARD = "gnu++14";
				CLANG_CXX_LIBRARY = "libc++";
				CLANG_ENABLE_MODULES = YES;
				CLANG_ENABLE_OBJC_ARC = YES;
				CLANG_ENABLE_OBJC_WEAK = YES;
				CLANG_WARN_BLOCK_CAPTURE_AUTORELEASING = YES;
				CLANG_WARN_BOOL_CONVERSION = YES;
				CLANG_WARN_COMMA = YES;
				CLANG_WARN_CONSTANT_CONVERSION = YES;
				CLANG_WARN_DEPRECATED_OBJC_IMPLEMENTATIONS = YES;
				CLANG_WARN_DIRECT_OBJC_ISA_USAGE = YES_ERROR;
				CLANG_WARN_DOCUMENTATION_COMMENTS = YES;
				CLANG_WARN_EMPTY_BODY = YES;
				CLANG_WARN_ENUM_CONVERSION = YES;
				CLANG_WARN_INFINITE_RECURSION = YES;
				CLANG_WARN_INT_CONVERSION = YES;
				CLANG_WARN_NON_LITERAL_NULL_CONVERSION = YES;
				CLANG_WARN_OBJC_IMPLICIT_RETAIN_SELF = YES;
				CLANG_WARN_OBJC_LITERAL_CONVERSION = YES;
				CLANG_WARN_OBJC_ROOT_CLASS = YES_ERROR;
				CLANG_WARN_RANGE_LOOP_ANALYSIS = YES;
				CLANG_WARN_STRICT_PROTOTYPES = YES;
				CLANG_WARN_SUSPICIOUS_MOVE = YES;
				CLANG_WARN_UNGUARDED_AVAILABILITY = YES_AGGRESSIVE;
				CLANG_WARN_UNREACHABLE_CODE = YES;
				CLANG_WARN__DUPLICATE_METHOD_MATCH = YES;
				COPY_PHASE_STRIP = NO;
				DEBUG_INFORMATION_FORMAT = "dwarf-with-dsym";
				ENABLE_NS_ASSERTIONS = NO;
				ENABLE_STRICT_OBJC_MSGSEND = YES;
				GCC_C_LANGUAGE_STANDARD = gnu11;
				GCC_NO_COMMON_BLOCKS = YES;
				GCC_WARN_64_TO_32_BIT_CONVERSION = YES;
				GCC_WARN_ABOUT_RETURN_TYPE = YES_ERROR;
				GCC_WARN_UNDECLARED_SELECTOR = YES;
				GCC_WARN_UNINITIALIZED_AUTOS = YES_AGGRESSIVE;
				GCC_WARN_UNUSED_FUNCTION = YES;
				GCC_WARN_UNUSED_VARIABLE = YES;
				IPHONEOS_DEPLOYMENT_TARGET = 11.0;
				MTL_ENABLE_DEBUG_INFO = NO;
				MTL_FAST_MATH = YES;
				SDKROOT = iphoneos;
				VALIDATE_PRODUCT = YES;
			};
			name = Release;
		};
		8B64DD84238B05FB007F970F /* Debug */ = {
			isa = XCBuildConfiguration;
			baseConfigurationReference = 75BC765A2ECFC534352C62AA /* Pods-news.debug.xcconfig */;
			buildSettings = {
				ASSETCATALOG_COMPILER_APPICON_NAME = AppIcon;
				CLANG_ENABLE_MODULES = YES;
				CODE_SIGN_STYLE = Automatic;
				DEVELOPMENT_TEAM = B869G75L4Z;
				INFOPLIST_FILE = "$(SRCROOT)/news/Supporting Files/Info.plist";
				IPHONEOS_DEPLOYMENT_TARGET = 11.0;
				LD_RUNPATH_SEARCH_PATHS = (
					"$(inherited)",
					"@executable_path/Frameworks",
				);
				MARKETING_VERSION = 0.0.1;
				PRODUCT_BUNDLE_IDENTIFIER = devenl.news;
				PRODUCT_NAME = "$(TARGET_NAME)";
				SWIFT_OBJC_BRIDGING_HEADER = "news/news-Bridging-Header.h";
				SWIFT_OPTIMIZATION_LEVEL = "-Onone";
				SWIFT_VERSION = 5.0;
				TARGETED_DEVICE_FAMILY = 1;
			};
			name = Debug;
		};
		8B64DD85238B05FB007F970F /* Release */ = {
			isa = XCBuildConfiguration;
			baseConfigurationReference = 82699238B6E200F64D636F1E /* Pods-news.release.xcconfig */;
			buildSettings = {
				ASSETCATALOG_COMPILER_APPICON_NAME = AppIcon;
				CLANG_ENABLE_MODULES = YES;
				CODE_SIGN_STYLE = Automatic;
				DEVELOPMENT_TEAM = B869G75L4Z;
				INFOPLIST_FILE = "$(SRCROOT)/news/Supporting Files/Info.plist";
				IPHONEOS_DEPLOYMENT_TARGET = 11.0;
				LD_RUNPATH_SEARCH_PATHS = (
					"$(inherited)",
					"@executable_path/Frameworks",
				);
				MARKETING_VERSION = 0.0.1;
				PRODUCT_BUNDLE_IDENTIFIER = devenl.news;
				PRODUCT_NAME = "$(TARGET_NAME)";
				SWIFT_OBJC_BRIDGING_HEADER = "news/news-Bridging-Header.h";
				SWIFT_VERSION = 5.0;
				TARGETED_DEVICE_FAMILY = 1;
			};
			name = Release;
		};
		8B64DD87238B05FB007F970F /* Debug */ = {
			isa = XCBuildConfiguration;
			buildSettings = {
				BUNDLE_LOADER = "$(TEST_HOST)";
				CODE_SIGN_STYLE = Automatic;
				DEVELOPMENT_TEAM = B869G75L4Z;
				INFOPLIST_FILE = newsTests/Info.plist;
				IPHONEOS_DEPLOYMENT_TARGET = 13.2;
				LD_RUNPATH_SEARCH_PATHS = (
					"$(inherited)",
					"@executable_path/Frameworks",
					"@loader_path/Frameworks",
				);
				PRODUCT_BUNDLE_IDENTIFIER = devenl.newsTests;
				PRODUCT_NAME = "$(TARGET_NAME)";
				TARGETED_DEVICE_FAMILY = "1,2";
				TEST_HOST = "$(BUILT_PRODUCTS_DIR)/news.app/news";
			};
			name = Debug;
		};
		8B64DD88238B05FB007F970F /* Release */ = {
			isa = XCBuildConfiguration;
			buildSettings = {
				BUNDLE_LOADER = "$(TEST_HOST)";
				CODE_SIGN_STYLE = Automatic;
				DEVELOPMENT_TEAM = B869G75L4Z;
				INFOPLIST_FILE = newsTests/Info.plist;
				IPHONEOS_DEPLOYMENT_TARGET = 13.2;
				LD_RUNPATH_SEARCH_PATHS = (
					"$(inherited)",
					"@executable_path/Frameworks",
					"@loader_path/Frameworks",
				);
				PRODUCT_BUNDLE_IDENTIFIER = devenl.newsTests;
				PRODUCT_NAME = "$(TARGET_NAME)";
				TARGETED_DEVICE_FAMILY = "1,2";
				TEST_HOST = "$(BUILT_PRODUCTS_DIR)/news.app/news";
			};
			name = Release;
		};
		8B64DD8A238B05FB007F970F /* Debug */ = {
			isa = XCBuildConfiguration;
			buildSettings = {
				CODE_SIGN_STYLE = Automatic;
				DEVELOPMENT_TEAM = B869G75L4Z;
				INFOPLIST_FILE = newsUITests/Info.plist;
				LD_RUNPATH_SEARCH_PATHS = (
					"$(inherited)",
					"@executable_path/Frameworks",
					"@loader_path/Frameworks",
				);
				PRODUCT_BUNDLE_IDENTIFIER = devenl.newsUITests;
				PRODUCT_NAME = "$(TARGET_NAME)";
				TARGETED_DEVICE_FAMILY = "1,2";
				TEST_TARGET_NAME = news;
			};
			name = Debug;
		};
		8B64DD8B238B05FB007F970F /* Release */ = {
			isa = XCBuildConfiguration;
			buildSettings = {
				CODE_SIGN_STYLE = Automatic;
				DEVELOPMENT_TEAM = B869G75L4Z;
				INFOPLIST_FILE = newsUITests/Info.plist;
				LD_RUNPATH_SEARCH_PATHS = (
					"$(inherited)",
					"@executable_path/Frameworks",
					"@loader_path/Frameworks",
				);
				PRODUCT_BUNDLE_IDENTIFIER = devenl.newsUITests;
				PRODUCT_NAME = "$(TARGET_NAME)";
				TARGETED_DEVICE_FAMILY = "1,2";
				TEST_TARGET_NAME = news;
			};
			name = Release;
		};
/* End XCBuildConfiguration section */

/* Begin XCConfigurationList section */
		8B64DD4C238B05F6007F970F /* Build configuration list for PBXProject "news" */ = {
			isa = XCConfigurationList;
			buildConfigurations = (
				8B64DD81238B05FB007F970F /* Debug */,
				8B64DD82238B05FB007F970F /* Release */,
			);
			defaultConfigurationIsVisible = 0;
			defaultConfigurationName = Release;
		};
		8B64DD83238B05FB007F970F /* Build configuration list for PBXNativeTarget "news" */ = {
			isa = XCConfigurationList;
			buildConfigurations = (
				8B64DD84238B05FB007F970F /* Debug */,
				8B64DD85238B05FB007F970F /* Release */,
			);
			defaultConfigurationIsVisible = 0;
			defaultConfigurationName = Release;
		};
		8B64DD86238B05FB007F970F /* Build configuration list for PBXNativeTarget "newsTests" */ = {
			isa = XCConfigurationList;
			buildConfigurations = (
				8B64DD87238B05FB007F970F /* Debug */,
				8B64DD88238B05FB007F970F /* Release */,
			);
			defaultConfigurationIsVisible = 0;
			defaultConfigurationName = Release;
		};
		8B64DD89238B05FB007F970F /* Build configuration list for PBXNativeTarget "newsUITests" */ = {
			isa = XCConfigurationList;
			buildConfigurations = (
				8B64DD8A238B05FB007F970F /* Debug */,
				8B64DD8B238B05FB007F970F /* Release */,
			);
			defaultConfigurationIsVisible = 0;
			defaultConfigurationName = Release;
		};
/* End XCConfigurationList section */

/* Begin XCVersionGroup section */
		8B64DD60238B05F6007F970F /* news.xcdatamodeld */ = {
			isa = XCVersionGroup;
			children = (
				8B64DD61238B05F6007F970F /* news.xcdatamodel */,
			);
			currentVersion = 8B64DD61238B05F6007F970F /* news.xcdatamodel */;
			path = news.xcdatamodeld;
			sourceTree = "<group>";
			versionGroupType = wrapper.xcdatamodel;
		};
/* End XCVersionGroup section */
	};
	rootObject = 8B64DD49238B05F6007F970F /* Project object */;
}
